// !$*UTF8*$!
{
	archiveVersion = 1;
	classes = {
	};
	objectVersion = 46;
	objects = {

/* Begin PBXBuildFile section */
		998634131B47B38600084BC4 /* main.m in Sources */ = {isa = PBXBuildFile; fileRef = 998634121B47B38600084BC4 /* main.m */; };
		998634161B47B38600084BC4 /* AppDelegate.m in Sources */ = {isa = PBXBuildFile; fileRef = 998634151B47B38600084BC4 /* AppDelegate.m */; };
		998634191B47B38600084BC4 /* ViewController.m in Sources */ = {isa = PBXBuildFile; fileRef = 998634181B47B38600084BC4 /* ViewController.m */; };
		9986341C1B47B38600084BC4 /* Main.storyboard in Resources */ = {isa = PBXBuildFile; fileRef = 9986341A1B47B38600084BC4 /* Main.storyboard */; };
		9986341E1B47B38600084BC4 /* Images.xcassets in Resources */ = {isa = PBXBuildFile; fileRef = 9986341D1B47B38600084BC4 /* Images.xcassets */; };
		998634211B47B38600084BC4 /* LaunchScreen.xib in Resources */ = {isa = PBXBuildFile; fileRef = 9986341F1B47B38600084BC4 /* LaunchScreen.xib */; };
		9986342D1B47B38600084BC4 /* iGadTests.m in Sources */ = {isa = PBXBuildFile; fileRef = 9986342C1B47B38600084BC4 /* iGadTests.m */; };
/* End PBXBuildFile section */

/* Begin PBXContainerItemProxy section */
		998634271B47B38600084BC4 /* PBXContainerItemProxy */ = {
			isa = PBXContainerItemProxy;
			containerPortal = 998634051B47B38600084BC4 /* Project object */;
			proxyType = 1;
			remoteGlobalIDString = 9986340C1B47B38600084BC4;
			remoteInfo = iGad;
		};
/* End PBXContainerItemProxy section */

/* Begin PBXFileReference section */
		9986340D1B47B38600084BC4 /* iGad.app */ = {isa = PBXFileReference; explicitFileType = wrapper.application; includeInIndex = 0; path = iGad.app; sourceTree = BUILT_PRODUCTS_DIR; };
		998634111B47B38600084BC4 /* Info.plist */ = {isa = PBXFileReference; lastKnownFileType = text.plist.xml; path = Info.plist; sourceTree = "<group>"; };
		998634121B47B38600084BC4 /* main.m */ = {isa = PBXFileReference; lastKnownFileType = sourcecode.c.objc; path = main.m; sourceTree = "<group>"; };
		998634141B47B38600084BC4 /* AppDelegate.h */ = {isa = PBXFileReference; lastKnownFileType = sourcecode.c.h; path = AppDelegate.h; sourceTree = "<group>"; };
		998634151B47B38600084BC4 /* AppDelegate.m */ = {isa = PBXFileReference; lastKnownFileType = sourcecode.c.objc; path = AppDelegate.m; sourceTree = "<group>"; };
		998634171B47B38600084BC4 /* ViewController.h */ = {isa = PBXFileReference; lastKnownFileType = sourcecode.c.h; path = ViewController.h; sourceTree = "<group>"; };
		998634181B47B38600084BC4 /* ViewController.m */ = {isa = PBXFileReference; lastKnownFileType = sourcecode.c.objc; path = ViewController.m; sourceTree = "<group>"; };
		9986341B1B47B38600084BC4 /* Base */ = {isa = PBXFileReference; lastKnownFileType = file.storyboard; name = Base; path = Base.lproj/Main.storyboard; sourceTree = "<group>"; };
		9986341D1B47B38600084BC4 /* Images.xcassets */ = {isa = PBXFileReference; lastKnownFileType = folder.assetcatalog; path = Images.xcassets; sourceTree = "<group>"; };
		998634201B47B38600084BC4 /* Base */ = {isa = PBXFileReference; lastKnownFileType = file.xib; name = Base; path = Base.lproj/LaunchScreen.xib; sourceTree = "<group>"; };
		998634261B47B38600084BC4 /* iGadTests.xctest */ = {isa = PBXFileReference; explicitFileType = wrapper.cfbundle; includeInIndex = 0; path = iGadTests.xctest; sourceTree = BUILT_PRODUCTS_DIR; };
		9986342B1B47B38600084BC4 /* Info.plist */ = {isa = PBXFileReference; lastKnownFileType = text.plist.xml; path = Info.plist; sourceTree = "<group>"; };
		9986342C1B47B38600084BC4 /* iGadTests.m */ = {isa = PBXFileReference; lastKnownFileType = sourcecode.c.objc; path = iGadTests.m; sourceTree = "<group>"; };
/* End PBXFileReference section */

/* Begin PBXFrameworksBuildPhase section */
		9986340A1B47B38600084BC4 /* Frameworks */ = {
			isa = PBXFrameworksBuildPhase;
			buildActionMask = 2147483647;
			files = (
			);
			runOnlyForDeploymentPostprocessing = 0;
		};
		998634231B47B38600084BC4 /* Frameworks */ = {
			isa = PBXFrameworksBuildPhase;
			buildActionMask = 2147483647;
			files = (
			);
			runOnlyForDeploymentPostprocessing = 0;
		};
/* End PBXFrameworksBuildPhase section */

/* Begin PBXGroup section */
		998634041B47B38600084BC4 = {
			isa = PBXGroup;
			children = (
				9986340F1B47B38600084BC4 /* iGad */,
				998634291B47B38600084BC4 /* iGadTests */,
				9986340E1B47B38600084BC4 /* Products */,
			);
			sourceTree = "<group>";
		};
		9986340E1B47B38600084BC4 /* Products */ = {
			isa = PBXGroup;
			children = (
				9986340D1B47B38600084BC4 /* iGad.app */,
				998634261B47B38600084BC4 /* iGadTests.xctest */,
			);
			name = Products;
			sourceTree = "<group>";
		};
		9986340F1B47B38600084BC4 /* iGad */ = {
			isa = PBXGroup;
			children = (
				998634141B47B38600084BC4 /* AppDelegate.h */,
				998634151B47B38600084BC4 /* AppDelegate.m */,
				998634171B47B38600084BC4 /* ViewController.h */,
				998634181B47B38600084BC4 /* ViewController.m */,
				9986341A1B47B38600084BC4 /* Main.storyboard */,
				9986341D1B47B38600084BC4 /* Images.xcassets */,
				9986341F1B47B38600084BC4 /* LaunchScreen.xib */,
				998634101B47B38600084BC4 /* Supporting Files */,
			);
			path = iGad;
			sourceTree = "<group>";
		};
		998634101B47B38600084BC4 /* Supporting Files */ = {
			isa = PBXGroup;
			children = (
				998634111B47B38600084BC4 /* Info.plist */,
				998634121B47B38600084BC4 /* main.m */,
			);
			name = "Supporting Files";
			sourceTree = "<group>";
		};
		998634291B47B38600084BC4 /* iGadTests */ = {
			isa = PBXGroup;
			children = (
				9986342C1B47B38600084BC4 /* iGadTests.m */,
				9986342A1B47B38600084BC4 /* Supporting Files */,
			);
			path = iGadTests;
			sourceTree = "<group>";
		};
		9986342A1B47B38600084BC4 /* Supporting Files */ = {
			isa = PBXGroup;
			children = (
				9986342B1B47B38600084BC4 /* Info.plist */,
			);
			name = "Supporting Files";
			sourceTree = "<group>";
		};
/* End PBXGroup section */

/* Begin PBXNativeTarget section */
		9986340C1B47B38600084BC4 /* iGad */ = {
			isa = PBXNativeTarget;
			buildConfigurationList = 998634301B47B38600084BC4 /* Build configuration list for PBXNativeTarget "iGad" */;
			buildPhases = (
				998634091B47B38600084BC4 /* Sources */,
				9986340A1B47B38600084BC4 /* Frameworks */,
				9986340B1B47B38600084BC4 /* Resources */,
			);
			buildRules = (
			);
			dependencies = (
			);
			name = iGad;
			productName = iGad;
			productReference = 9986340D1B47B38600084BC4 /* iGad.app */;
			productType = "com.apple.product-type.application";
		};
		998634251B47B38600084BC4 /* iGadTests */ = {
			isa = PBXNativeTarget;
			buildConfigurationList = 998634331B47B38600084BC4 /* Build configuration list for PBXNativeTarget "iGadTests" */;
			buildPhases = (
				998634221B47B38600084BC4 /* Sources */,
				998634231B47B38600084BC4 /* Frameworks */,
				998634241B47B38600084BC4 /* Resources */,
			);
			buildRules = (
			);
			dependencies = (
				998634281B47B38600084BC4 /* PBXTargetDependency */,
			);
			name = iGadTests;
			productName = iGadTests;
			productReference = 998634261B47B38600084BC4 /* iGadTests.xctest */;
			productType = "com.apple.product-type.bundle.unit-test";
		};
/* End PBXNativeTarget section */

/* Begin PBXProject section */
		998634051B47B38600084BC4 /* Project object */ = {
			isa = PBXProject;
			attributes = {
				LastUpgradeCheck = 0640;
				ORGANIZATIONNAME = "Khanh Do";
				TargetAttributes = {
					9986340C1B47B38600084BC4 = {
						CreatedOnToolsVersion = 6.4;
					};
					998634251B47B38600084BC4 = {
						CreatedOnToolsVersion = 6.4;
						TestTargetID = 9986340C1B47B38600084BC4;
					};
				};
			};
			buildConfigurationList = 998634081B47B38600084BC4 /* Build configuration list for PBXProject "iGad" */;
			compatibilityVersion = "Xcode 3.2";
			developmentRegion = English;
			hasScannedForEncodings = 0;
			knownRegions = (
				en,
				Base,
			);
			mainGroup = 998634041B47B38600084BC4;
			productRefGroup = 9986340E1B47B38600084BC4 /* Products */;
			projectDirPath = "";
			projectRoot = "";
			targets = (
				9986340C1B47B38600084BC4 /* iGad */,
				998634251B47B38600084BC4 /* iGadTests */,
			);
		};
/* End PBXProject section */

/* Begin PBXResourcesBuildPhase section */
		9986340B1B47B38600084BC4 /* Resources */ = {
			isa = PBXResourcesBuildPhase;
			buildActionMask = 2147483647;
			files = (
				9986341C1B47B38600084BC4 /* Main.storyboard in Resources */,
				998634211B47B38600084BC4 /* LaunchScreen.xib in Resources */,
				9986341E1B47B38600084BC4 /* Images.xcassets in Resources */,
			);
			runOnlyForDeploymentPostprocessing = 0;
		};
		998634241B47B38600084BC4 /* Resources */ = {
			isa = PBXResourcesBuildPhase;
			buildActionMask = 2147483647;
			files = (
			);
			runOnlyForDeploymentPostprocessing = 0;
		};
/* End PBXResourcesBuildPhase section */

/* Begin PBXSourcesBuildPhase section */
		998634091B47B38600084BC4 /* Sources */ = {
			isa = PBXSourcesBuildPhase;
			buildActionMask = 2147483647;
			files = (
				998634191B47B38600084BC4 /* ViewController.m in Sources */,
				998634161B47B38600084BC4 /* AppDelegate.m in Sources */,
				998634131B47B38600084BC4 /* main.m in Sources */,
			);
			runOnlyForDeploymentPostprocessing = 0;
		};
		998634221B47B38600084BC4 /* Sources */ = {
			isa = PBXSourcesBuildPhase;
			buildActionMask = 2147483647;
			files = (
				9986342D1B47B38600084BC4 /* iGadTests.m in Sources */,
			);
			runOnlyForDeploymentPostprocessing = 0;
		};
/* End PBXSourcesBuildPhase section */

/* Begin PBXTargetDependency section */
		998634281B47B38600084BC4 /* PBXTargetDependency */ = {
			isa = PBXTargetDependency;
			target = 9986340C1B47B38600084BC4 /* iGad */;
			targetProxy = 998634271B47B38600084BC4 /* PBXContainerItemProxy */;
		};
/* End PBXTargetDependency section */

/* Begin PBXVariantGroup section */
		9986341A1B47B38600084BC4 /* Main.storyboard */ = {
			isa = PBXVariantGroup;
			children = (
				9986341B1B47B38600084BC4 /* Base */,
			);
			name = Main.storyboard;
			sourceTree = "<group>";
		};
		9986341F1B47B38600084BC4 /* LaunchScreen.xib */ = {
			isa = PBXVariantGroup;
			children = (
				998634201B47B38600084BC4 /* Base */,
			);
			name = LaunchScreen.xib;
			sourceTree = "<group>";
		};
/* End PBXVariantGroup section */

/* Begin XCBuildConfiguration section */
		9986342E1B47B38600084BC4 /* Debug */ = {
			isa = XCBuildConfiguration;
			buildSettings = {
				ALWAYS_SEARCH_USER_PATHS = NO;
				CLANG_CXX_LANGUAGE_STANDARD = "gnu++0x";
				CLANG_CXX_LIBRARY = "libc++";
				CLANG_ENABLE_MODULES = YES;
				CLANG_ENABLE_OBJC_ARC = YES;
				CLANG_WARN_BOOL_CONVERSION = YES;
				CLANG_WARN_CONSTANT_CONVERSION = YES;
				CLANG_WARN_DIRECT_OBJC_ISA_USAGE = YES_ERROR;
				CLANG_WARN_EMPTY_BODY = YES;
				CLANG_WARN_ENUM_CONVERSION = YES;
				CLANG_WARN_INT_CONVERSION = YES;
				CLANG_WARN_OBJC_ROOT_CLASS = YES_ERROR;
				CLANG_WARN_UNREACHABLE_CODE = YES;
				CLANG_WARN__DUPLICATE_METHOD_MATCH = YES;
				"CODE_SIGN_IDENTITY[sdk=iphoneos*]" = "iPhone Developer";
				COPY_PHASE_STRIP = NO;
				DEBUG_INFORMATION_FORMAT = "dwarf-with-dsym";
				ENABLE_STRICT_OBJC_MSGSEND = YES;
				GCC_C_LANGUAGE_STANDARD = gnu99;
				GCC_DYNAMIC_NO_PIC = NO;
				GCC_NO_COMMON_BLOCKS = YES;
				GCC_OPTIMIZATION_LEVEL = 0;
				GCC_PREPROCESSOR_DEFINITIONS = (
					"DEBUG=1",
					"$(inherited)",
				);
				GCC_SYMBOLS_PRIVATE_EXTERN = NO;
				GCC_WARN_64_TO_32_BIT_CONVERSION = YES;
				GCC_WARN_ABOUT_RETURN_TYPE = YES_ERROR;
				GCC_WARN_UNDECLARED_SELECTOR = YES;
				GCC_WARN_UNINITIALIZED_AUTOS = YES_AGGRESSIVE;
				GCC_WARN_UNUSED_FUNCTION = YES;
				GCC_WARN_UNUSED_VARIABLE = YES;
				IPHONEOS_DEPLOYMENT_TARGET = 8.4;
				MTL_ENABLE_DEBUG_INFO = YES;
				ONLY_ACTIVE_ARCH = YES;
				SDKROOT = iphoneos;
				TARGETED_DEVICE_FAMILY = "1,2";
			};
			name = Debug;
		};
		9986342F1B47B38600084BC4 /* Release */ = {
			isa = XCBuildConfiguration;
			buildSettings = {
				ALWAYS_SEARCH_USER_PATHS = NO;
				CLANG_CXX_LANGUAGE_STANDARD = "gnu++0x";
				CLANG_CXX_LIBRARY = "libc++";
				CLANG_ENABLE_MODULES = YES;
				CLANG_ENABLE_OBJC_ARC = YES;
				CLANG_WARN_BOOL_CONVERSION = YES;
				CLANG_WARN_CONSTANT_CONVERSION = YES;
				CLANG_WARN_DIRECT_OBJC_ISA_USAGE = YES_ERROR;
				CLANG_WARN_EMPTY_BODY = YES;
				CLANG_WARN_ENUM_CONVERSION = YES;
				CLANG_WARN_INT_CONVERSION = YES;
				CLANG_WARN_OBJC_ROOT_CLASS = YES_ERROR;
				CLANG_WARN_UNREACHABLE_CODE = YES;
				CLANG_WARN__DUPLICATE_METHOD_MATCH = YES;
				"CODE_SIGN_IDENTITY[sdk=iphoneos*]" = "iPhone Developer";
				COPY_PHASE_STRIP = NO;
				DEBUG_INFORMATION_FORMAT = "dwarf-with-dsym";
				ENABLE_NS_ASSERTIONS = NO;
				ENABLE_STRICT_OBJC_MSGSEND = YES;
				GCC_C_LANGUAGE_STANDARD = gnu99;
				GCC_NO_COMMON_BLOCKS = YES;
				GCC_WARN_64_TO_32_BIT_CONVERSION = YES;
				GCC_WARN_ABOUT_RETURN_TYPE = YES_ERROR;
				GCC_WARN_UNDECLARED_SELECTOR = YES;
				GCC_WARN_UNINITIALIZED_AUTOS = YES_AGGRESSIVE;
				GCC_WARN_UNUSED_FUNCTION = YES;
				GCC_WARN_UNUSED_VARIABLE = YES;
				IPHONEOS_DEPLOYMENT_TARGET = 8.4;
				MTL_ENABLE_DEBUG_INFO = NO;
				SDKROOT = iphoneos;
				TARGETED_DEVICE_FAMILY = "1,2";
				VALIDATE_PRODUCT = YES;
			};
			name = Release;
		};
		998634311B47B38600084BC4 /* Debug */ = {
			isa = XCBuildConfiguration;
			buildSettings = {
				ASSETCATALOG_COMPILER_APPICON_NAME = AppIcon;
				INFOPLIST_FILE = iGad/Info.plist;
				LD_RUNPATH_SEARCH_PATHS = "$(inherited) @executable_path/Frameworks";
				PRODUCT_NAME = "$(TARGET_NAME)";
			};
			name = Debug;
		};
		998634321B47B38600084BC4 /* Release */ = {
			isa = XCBuildConfiguration;
			buildSettings = {
				ASSETCATALOG_COMPILER_APPICON_NAME = AppIcon;
				INFOPLIST_FILE = iGad/Info.plist;
				LD_RUNPATH_SEARCH_PATHS = "$(inherited) @executable_path/Frameworks";
				PRODUCT_NAME = "$(TARGET_NAME)";
			};
			name = Release;
		};
		998634341B47B38600084BC4 /* Debug */ = {
			isa = XCBuildConfiguration;
			buildSettings = {
				BUNDLE_LOADER = "$(TEST_HOST)";
				FRAMEWORK_SEARCH_PATHS = (
					"$(SDKROOT)/Developer/Library/Frameworks",
					"$(inherited)",
				);
				GCC_PREPROCESSOR_DEFINITIONS = (
					"DEBUG=1",
					"$(inherited)",
				);
				INFOPLIST_FILE = iGadTests/Info.plist;
				LD_RUNPATH_SEARCH_PATHS = "$(inherited) @executable_path/Frameworks @loader_path/Frameworks";
				PRODUCT_NAME = "$(TARGET_NAME)";
				TEST_HOST = "$(BUILT_PRODUCTS_DIR)/iGad.app/iGad";
			};
			name = Debug;
		};
		998634351B47B38600084BC4 /* Release */ = {
			isa = XCBuildConfiguration;
			buildSettings = {
				BUNDLE_LOADER = "$(TEST_HOST)";
				FRAMEWORK_SEARCH_PATHS = (
					"$(SDKROOT)/Developer/Library/Frameworks",
					"$(inherited)",
				);
				INFOPLIST_FILE = iGadTests/Info.plist;
				LD_RUNPATH_SEARCH_PATHS = "$(inherited) @executable_path/Frameworks @loader_path/Frameworks";
				PRODUCT_NAME = "$(TARGET_NAME)";
				TEST_HOST = "$(BUILT_PRODUCTS_DIR)/iGad.app/iGad";
			};
			name = Release;
		};
/* End XCBuildConfiguration section */

/* Begin XCConfigurationList section */
		998634081B47B38600084BC4 /* Build configuration list for PBXProject "iGad" */ = {
			isa = XCConfigurationList;
			buildConfigurations = (
				9986342E1B47B38600084BC4 /* Debug */,
				9986342F1B47B38600084BC4 /* Release */,
			);
			defaultConfigurationIsVisible = 0;
			defaultConfigurationName = Release;
		};
		998634301B47B38600084BC4 /* Build configuration list for PBXNativeTarget "iGad" */ = {
			isa = XCConfigurationList;
			buildConfigurations = (
				998634311B47B38600084BC4 /* Debug */,
				998634321B47B38600084BC4 /* Release */,
			);
			defaultConfigurationIsVisible = 0;
		};
		998634331B47B38600084BC4 /* Build configuration list for PBXNativeTarget "iGadTests" */ = {
			isa = XCConfigurationList;
			buildConfigurations = (
				998634341B47B38600084BC4 /* Debug */,
				998634351B47B38600084BC4 /* Release */,
			);
			defaultConfigurationIsVisible = 0;
		};
/* End XCConfigurationList section */
	};
	rootObject = 998634051B47B38600084BC4 /* Project object */;
}
